
Microsoft Visual Studio Solution File, Format Version 12.00
# Visual Studio Version 16
VisualStudioVersion = 16.0.33328.57
MinimumVisualStudioVersion = 10.0.40219.1
Project("{FAE04EC0-301F-11D3-BF4B-00C04F79EFBC}") = "WindowsFormsApp3", "WindowsFormsApp3\WindowsFormsApp3.csproj", "{1A5E1FE9-73E0-4A14-933D-0AB17A3C18E1}"
EndProject
Global
	GlobalSection(SolutionConfigurationPlatforms) = preSolution
		Debug|Any CPU = Debug|Any CPU
		Release|Any CPU = Release|Any CPU
	EndGlobalSection
	GlobalSection(ProjectConfigurationPlatforms) = postSolution
		{1A5E1FE9-73E0-4A14-933D-0AB17A3C18E1}.Debug|Any CPU.ActiveCfg = Debug|Any CPU
		{1A5E1FE9-73E0-4A14-933D-0AB17A3C18E1}.Debug|Any CPU.Build.0 = Debug|Any CPU
		{1A5E1FE9-73E0-4A14-933D-0AB17A3C18E1}.Release|Any CPU.ActiveCfg = Release|Any CPU
		{1A5E1FE9-73E0-4A14-933D-0AB17A3C18E1}.Release|Any CPU.Build.0 = Release|Any CPU
	EndGlobalSection
	GlobalSection(SolutionProperties) = preSolution
		HideSolutionNode = FALSE
	EndGlobalSection
	GlobalSection(ExtensibilityGlobals) = postSolution
		SolutionGuid = {EAA61644-908A-4ED9-8158-5506B78CD122}
	EndGlobalSection
EndGlobal
